
Microsoft Visual Studio Solution File, Format Version 12.00
# Visual Studio 15
VisualStudioVersion = 15.0.28307.168
MinimumVisualStudioVersion = 10.0.40219.1
Project("{9A19103F-16F7-4668-BE54-9A1E7A4F7556}") = "Rcp.AspNetCore.Authentication.ApiKey", "Rcp.AspNetCore.Authentication.ApiKey\Rcp.AspNetCore.Authentication.ApiKey.csproj", "{0097564E-203B-413E-A0CA-595EE9FBF389}"
EndProject
Project("{9A19103F-16F7-4668-BE54-9A1E7A4F7556}") = "RCP.AspNetCore.Authentication.ApiKey.Test", "Rcp.AspNetCore.Authentication.ApiKey.Test\Rcp.AspNetCore.Authentication.ApiKey.Test.csproj", "{03E0FEEA-9EC7-440C-8628-5CE6090AFEB8}"
EndProject
Project("{9A19103F-16F7-4668-BE54-9A1E7A4F7556}") = "ExampleAndTestApp", "ExampleAndTestApp\ExampleAndTestApp.csproj", "{FDEFDA77-8E72-4981-8433-E7C822AD6FDA}"
EndProject
Global
	GlobalSection(SolutionConfigurationPlatforms) = preSolution
		Debug|Any CPU = Debug|Any CPU
		Release|Any CPU = Release|Any CPU
	EndGlobalSection
	GlobalSection(ProjectConfigurationPlatforms) = postSolution
		{0097564E-203B-413E-A0CA-595EE9FBF389}.Debug|Any CPU.ActiveCfg = Debug|Any CPU
		{0097564E-203B-413E-A0CA-595EE9FBF389}.Debug|Any CPU.Build.0 = Debug|Any CPU
		{0097564E-203B-413E-A0CA-595EE9FBF389}.Release|Any CPU.ActiveCfg = Release|Any CPU
		{0097564E-203B-413E-A0CA-595EE9FBF389}.Release|Any CPU.Build.0 = Release|Any CPU
		{03E0FEEA-9EC7-440C-8628-5CE6090AFEB8}.Debug|Any CPU.ActiveCfg = Debug|Any CPU
		{03E0FEEA-9EC7-440C-8628-5CE6090AFEB8}.Debug|Any CPU.Build.0 = Debug|Any CPU
		{03E0FEEA-9EC7-440C-8628-5CE6090AFEB8}.Release|Any CPU.ActiveCfg = Release|Any CPU
		{03E0FEEA-9EC7-440C-8628-5CE6090AFEB8}.Release|Any CPU.Build.0 = Release|Any CPU
		{FDEFDA77-8E72-4981-8433-E7C822AD6FDA}.Debug|Any CPU.ActiveCfg = Debug|Any CPU
		{FDEFDA77-8E72-4981-8433-E7C822AD6FDA}.Debug|Any CPU.Build.0 = Debug|Any CPU
		{FDEFDA77-8E72-4981-8433-E7C822AD6FDA}.Release|Any CPU.ActiveCfg = Release|Any CPU
		{FDEFDA77-8E72-4981-8433-E7C822AD6FDA}.Release|Any CPU.Build.0 = Release|Any CPU
	EndGlobalSection
	GlobalSection(SolutionProperties) = preSolution
		HideSolutionNode = FALSE
	EndGlobalSection
	GlobalSection(ExtensibilityGlobals) = postSolution
		SolutionGuid = {8C83BADB-87A1-4E7B-B51D-54F3E83FD7E5}
	EndGlobalSection
EndGlobal
